
Microsoft Visual Studio Solution File, Format Version 12.00
# Visual Studio 15
VisualStudioVersion = 15.0.28307.438
MinimumVisualStudioVersion = 10.0.40219.1
Project("{FAE04EC0-301F-11D3-BF4B-00C04F79EFBC}") = "AddRoutesOnMap.Android", "AddRoutesOnMap\AddRoutesOnMap.Android\AddRoutesOnMap.Android.csproj", "{F9789F2A-2536-41EF-B719-F5B6AA3BBB76}"
EndProject
Project("{FAE04EC0-301F-11D3-BF4B-00C04F79EFBC}") = "AddRoutesOnMap.iOS", "AddRoutesOnMap\AddRoutesOnMap.iOS\AddRoutesOnMap.iOS.csproj", "{E6D12AAF-9B82-44FC-A0A0-15CC8468C204}"
EndProject
Project("{FAE04EC0-301F-11D3-BF4B-00C04F79EFBC}") = "AddRoutesOnMap", "AddRoutesOnMap\AddRoutesOnMap\AddRoutesOnMap.csproj", "{D7BDBFE5-A034-444A-846C-2B592AF0F091}"
EndProject
Global
	GlobalSection(SolutionConfigurationPlatforms) = preSolution
		Ad-Hoc|Any CPU = Ad-Hoc|Any CPU
		Ad-Hoc|iPhone = Ad-Hoc|iPhone
		Ad-Hoc|iPhoneSimulator = Ad-Hoc|iPhoneSimulator
		AppStore|Any CPU = AppStore|Any CPU
		AppStore|iPhone = AppStore|iPhone
		AppStore|iPhoneSimulator = AppStore|iPhoneSimulator
		Debug|Any CPU = Debug|Any CPU
		Debug|iPhone = Debug|iPhone
		Debug|iPhoneSimulator = Debug|iPhoneSimulator
		Release|Any CPU = Release|Any CPU
		Release|iPhone = Release|iPhone
		Release|iPhoneSimulator = Release|iPhoneSimulator
	EndGlobalSection
	GlobalSection(ProjectConfigurationPlatforms) = postSolution
		{F9789F2A-2536-41EF-B719-F5B6AA3BBB76}.Ad-Hoc|Any CPU.ActiveCfg = Release|Any CPU
		{F9789F2A-2536-41EF-B719-F5B6AA3BBB76}.Ad-Hoc|Any CPU.Build.0 = Release|Any CPU
		{F9789F2A-2536-41EF-B719-F5B6AA3BBB76}.Ad-Hoc|Any CPU.Deploy.0 = Release|Any CPU
		{F9789F2A-2536-41EF-B719-F5B6AA3BBB76}.Ad-Hoc|iPhone.ActiveCfg = Release|Any CPU
		{F9789F2A-2536-41EF-B719-F5B6AA3BBB76}.Ad-Hoc|iPhone.Build.0 = Release|Any CPU
		{F9789F2A-2536-41EF-B719-F5B6AA3BBB76}.Ad-Hoc|iPhone.Deploy.0 = Release|Any CPU
		{F9789F2A-2536-41EF-B719-F5B6AA3BBB76}.Ad-Hoc|iPhoneSimulator.ActiveCfg = Release|Any CPU
		{F9789F2A-2536-41EF-B719-F5B6AA3BBB76}.Ad-Hoc|iPhoneSimulator.Build.0 = Release|Any CPU
		{F9789F2A-2536-41EF-B719-F5B6AA3BBB76}.Ad-Hoc|iPhoneSimulator.Deploy.0 = Release|Any CPU
		{F9789F2A-2536-41EF-B719-F5B6AA3BBB76}.AppStore|Any CPU.ActiveCfg = Release|Any CPU
		{F9789F2A-2536-41EF-B719-F5B6AA3BBB76}.AppStore|Any CPU.Build.0 = Release|Any CPU
		{F9789F2A-2536-41EF-B719-F5B6AA3BBB76}.AppStore|Any CPU.Deploy.0 = Release|Any CPU
		{F9789F2A-2536-41EF-B719-F5B6AA3BBB76}.AppStore|iPhone.ActiveCfg = Release|Any CPU
		{F9789F2A-2536-41EF-B719-F5B6AA3BBB76}.AppStore|iPhone.Build.0 = Release|Any CPU
		{F9789F2A-2536-41EF-B719-F5B6AA3BBB76}.AppStore|iPhone.Deploy.0 = Release|Any CPU
		{F9789F2A-2536-41EF-B719-F5B6AA3BBB76}.AppStore|iPhoneSimulator.ActiveCfg = Release|Any CPU
		{F9789F2A-2536-41EF-B719-F5B6AA3BBB76}.AppStore|iPhoneSimulator.Build.0 = Release|Any CPU
		{F9789F2A-2536-41EF-B719-F5B6AA3BBB76}.AppStore|iPhoneSimulator.Deploy.0 = Release|Any CPU
		{F9789F2A-2536-41EF-B719-F5B6AA3BBB76}.Debug|Any CPU.ActiveCfg = Debug|Any CPU
		{F9789F2A-2536-41EF-B719-F5B6AA3BBB76}.Debug|Any CPU.Build.0 = Debug|Any CPU
		{F9789F2A-2536-41EF-B719-F5B6AA3BBB76}.Debug|Any CPU.Deploy.0 = Debug|Any CPU
		{F9789F2A-2536-41EF-B719-F5B6AA3BBB76}.Debug|iPhone.ActiveCfg = Debug|Any CPU
		{F9789F2A-2536-41EF-B719-F5B6AA3BBB76}.Debug|iPhone.Build.0 = Debug|Any CPU
		{F9789F2A-2536-41EF-B719-F5B6AA3BBB76}.Debug|iPhone.Deploy.0 = Debug|Any CPU
		{F9789F2A-2536-41EF-B719-F5B6AA3BBB76}.Debug|iPhoneSimulator.ActiveCfg = Debug|Any CPU
		{F9789F2A-2536-41EF-B719-F5B6AA3BBB76}.Debug|iPhoneSimulator.Build.0 = Debug|Any CPU
		{F9789F2A-2536-41EF-B719-F5B6AA3BBB76}.Debug|iPhoneSimulator.Deploy.0 = Debug|Any CPU
		{F9789F2A-2536-41EF-B719-F5B6AA3BBB76}.Release|Any CPU.ActiveCfg = Release|Any CPU
		{F9789F2A-2536-41EF-B719-F5B6AA3BBB76}.Release|Any CPU.Build.0 = Release|Any CPU
		{F9789F2A-2536-41EF-B719-F5B6AA3BBB76}.Release|Any CPU.Deploy.0 = Release|Any CPU
		{F9789F2A-2536-41EF-B719-F5B6AA3BBB76}.Release|iPhone.ActiveCfg = Release|Any CPU
		{F9789F2A-2536-41EF-B719-F5B6AA3BBB76}.Release|iPhone.Build.0 = Release|Any CPU
		{F9789F2A-2536-41EF-B719-F5B6AA3BBB76}.Release|iPhone.Deploy.0 = Release|Any CPU
		{F9789F2A-2536-41EF-B719-F5B6AA3BBB76}.Release|iPhoneSimulator.ActiveCfg = Release|Any CPU
		{F9789F2A-2536-41EF-B719-F5B6AA3BBB76}.Release|iPhoneSimulator.Build.0 = Release|Any CPU
		{F9789F2A-2536-41EF-B719-F5B6AA3BBB76}.Release|iPhoneSimulator.Deploy.0 = Release|Any CPU
		{E6D12AAF-9B82-44FC-A0A0-15CC8468C204}.Ad-Hoc|Any CPU.ActiveCfg = Ad-Hoc|iPhone
		{E6D12AAF-9B82-44FC-A0A0-15CC8468C204}.Ad-Hoc|Any CPU.Build.0 = Ad-Hoc|iPhone
		{E6D12AAF-9B82-44FC-A0A0-15CC8468C204}.Ad-Hoc|Any CPU.Deploy.0 = Ad-Hoc|iPhone
		{E6D12AAF-9B82-44FC-A0A0-15CC8468C204}.Ad-Hoc|iPhone.ActiveCfg = Ad-Hoc|iPhone
		{E6D12AAF-9B82-44FC-A0A0-15CC8468C204}.Ad-Hoc|iPhone.Build.0 = Ad-Hoc|iPhone
		{E6D12AAF-9B82-44FC-A0A0-15CC8468C204}.Ad-Hoc|iPhone.Deploy.0 = Ad-Hoc|iPhone
		{E6D12AAF-9B82-44FC-A0A0-15CC8468C204}.Ad-Hoc|iPhoneSimulator.ActiveCfg = Ad-Hoc|iPhoneSimulator
		{E6D12AAF-9B82-44FC-A0A0-15CC8468C204}.Ad-Hoc|iPhoneSimulator.Build.0 = Ad-Hoc|iPhoneSimulator
		{E6D12AAF-9B82-44FC-A0A0-15CC8468C204}.Ad-Hoc|iPhoneSimulator.Deploy.0 = Ad-Hoc|iPhoneSimulator
		{E6D12AAF-9B82-44FC-A0A0-15CC8468C204}.AppStore|Any CPU.ActiveCfg = AppStore|iPhone
		{E6D12AAF-9B82-44FC-A0A0-15CC8468C204}.AppStore|Any CPU.Build.0 = AppStore|iPhone
		{E6D12AAF-9B82-44FC-A0A0-15CC8468C204}.AppStore|Any CPU.Deploy.0 = AppStore|iPhone
		{E6D12AAF-9B82-44FC-A0A0-15CC8468C204}.AppStore|iPhone.ActiveCfg = AppStore|iPhone
		{E6D12AAF-9B82-44FC-A0A0-15CC8468C204}.AppStore|iPhone.Build.0 = AppStore|iPhone
		{E6D12AAF-9B82-44FC-A0A0-15CC8468C204}.AppStore|iPhone.Deploy.0 = AppStore|iPhone
		{E6D12AAF-9B82-44FC-A0A0-15CC8468C204}.AppStore|iPhoneSimulator.ActiveCfg = AppStore|iPhoneSimulator
		{E6D12AAF-9B82-44FC-A0A0-15CC8468C204}.AppStore|iPhoneSimulator.Build.0 = AppStore|iPhoneSimulator
		{E6D12AAF-9B82-44FC-A0A0-15CC8468C204}.AppStore|iPhoneSimulator.Deploy.0 = AppStore|iPhoneSimulator
		{E6D12AAF-9B82-44FC-A0A0-15CC8468C204}.Debug|Any CPU.ActiveCfg = Debug|iPhoneSimulator
		{E6D12AAF-9B82-44FC-A0A0-15CC8468C204}.Debug|Any CPU.Build.0 = Debug|iPhoneSimulator
		{E6D12AAF-9B82-44FC-A0A0-15CC8468C204}.Debug|Any CPU.Deploy.0 = Debug|iPhoneSimulator
		{E6D12AAF-9B82-44FC-A0A0-15CC8468C204}.Debug|iPhone.ActiveCfg = Debug|iPhone
		{E6D12AAF-9B82-44FC-A0A0-15CC8468C204}.Debug|iPhone.Build.0 = Debug|iPhone
		{E6D12AAF-9B82-44FC-A0A0-15CC8468C204}.Debug|iPhone.Deploy.0 = Debug|iPhone
		{E6D12AAF-9B82-44FC-A0A0-15CC8468C204}.Debug|iPhoneSimulator.ActiveCfg = Debug|iPhoneSimulator
		{E6D12AAF-9B82-44FC-A0A0-15CC8468C204}.Debug|iPhoneSimulator.Build.0 = Debug|iPhoneSimulator
		{E6D12AAF-9B82-44FC-A0A0-15CC8468C204}.Debug|iPhoneSimulator.Deploy.0 = Debug|iPhoneSimulator
		{E6D12AAF-9B82-44FC-A0A0-15CC8468C204}.Release|Any CPU.ActiveCfg = Release|iPhone
		{E6D12AAF-9B82-44FC-A0A0-15CC8468C204}.Release|Any CPU.Build.0 = Release|iPhone
		{E6D12AAF-9B82-44FC-A0A0-15CC8468C204}.Release|Any CPU.Deploy.0 = Release|iPhone
		{E6D12AAF-9B82-44FC-A0A0-15CC8468C204}.Release|iPhone.ActiveCfg = Release|iPhone
		{E6D12AAF-9B82-44FC-A0A0-15CC8468C204}.Release|iPhone.Build.0 = Release|iPhone
		{E6D12AAF-9B82-44FC-A0A0-15CC8468C204}.Release|iPhone.Deploy.0 = Release|iPhone
		{E6D12AAF-9B82-44FC-A0A0-15CC8468C204}.Release|iPhoneSimulator.ActiveCfg = Release|iPhoneSimulator
		{E6D12AAF-9B82-44FC-A0A0-15CC8468C204}.Release|iPhoneSimulator.Build.0 = Release|iPhoneSimulator
		{E6D12AAF-9B82-44FC-A0A0-15CC8468C204}.Release|iPhoneSimulator.Deploy.0 = Release|iPhoneSimulator
		{D7BDBFE5-A034-444A-846C-2B592AF0F091}.Ad-Hoc|Any CPU.ActiveCfg = Debug|Any CPU
		{D7BDBFE5-A034-444A-846C-2B592AF0F091}.Ad-Hoc|Any CPU.Build.0 = Debug|Any CPU
		{D7BDBFE5-A034-444A-846C-2B592AF0F091}.Ad-Hoc|Any CPU.Deploy.0 = Debug|Any CPU
		{D7BDBFE5-A034-444A-846C-2B592AF0F091}.Ad-Hoc|iPhone.ActiveCfg = Debug|Any CPU
		{D7BDBFE5-A034-444A-846C-2B592AF0F091}.Ad-Hoc|iPhone.Build.0 = Debug|Any CPU
		{D7BDBFE5-A034-444A-846C-2B592AF0F091}.Ad-Hoc|iPhone.Deploy.0 = Debug|Any CPU
		{D7BDBFE5-A034-444A-846C-2B592AF0F091}.Ad-Hoc|iPhoneSimulator.ActiveCfg = Debug|Any CPU
		{D7BDBFE5-A034-444A-846C-2B592AF0F091}.Ad-Hoc|iPhoneSimulator.Build.0 = Debug|Any CPU
		{D7BDBFE5-A034-444A-846C-2B592AF0F091}.Ad-Hoc|iPhoneSimulator.Deploy.0 = Debug|Any CPU
		{D7BDBFE5-A034-444A-846C-2B592AF0F091}.AppStore|Any CPU.ActiveCfg = Debug|Any CPU
		{D7BDBFE5-A034-444A-846C-2B592AF0F091}.AppStore|Any CPU.Build.0 = Debug|Any CPU
		{D7BDBFE5-A034-444A-846C-2B592AF0F091}.AppStore|Any CPU.Deploy.0 = Debug|Any CPU
		{D7BDBFE5-A034-444A-846C-2B592AF0F091}.AppStore|iPhone.ActiveCfg = Debug|Any CPU
		{D7BDBFE5-A034-444A-846C-2B592AF0F091}.AppStore|iPhone.Build.0 = Debug|Any CPU
		{D7BDBFE5-A034-444A-846C-2B592AF0F091}.AppStore|iPhone.Deploy.0 = Debug|Any CPU
		{D7BDBFE5-A034-444A-846C-2B592AF0F091}.AppStore|iPhoneSimulator.ActiveCfg = Debug|Any CPU
		{D7BDBFE5-A034-444A-846C-2B592AF0F091}.AppStore|iPhoneSimulator.Build.0 = Debug|Any CPU
		{D7BDBFE5-A034-444A-846C-2B592AF0F091}.AppStore|iPhoneSimulator.Deploy.0 = Debug|Any CPU
		{D7BDBFE5-A034-444A-846C-2B592AF0F091}.Debug|Any CPU.ActiveCfg = Debug|Any CPU
		{D7BDBFE5-A034-444A-846C-2B592AF0F091}.Debug|Any CPU.Build.0 = Debug|Any CPU
		{D7BDBFE5-A034-444A-846C-2B592AF0F091}.Debug|Any CPU.Deploy.0 = Debug|Any CPU
		{D7BDBFE5-A034-444A-846C-2B592AF0F091}.Debug|iPhone.ActiveCfg = Debug|Any CPU
		{D7BDBFE5-A034-444A-846C-2B592AF0F091}.Debug|iPhone.Build.0 = Debug|Any CPU
		{D7BDBFE5-A034-444A-846C-2B592AF0F091}.Debug|iPhone.Deploy.0 = Debug|Any CPU
		{D7BDBFE5-A034-444A-846C-2B592AF0F091}.Debug|iPhoneSimulator.ActiveCfg = Debug|Any CPU
		{D7BDBFE5-A034-444A-846C-2B592AF0F091}.Debug|iPhoneSimulator.Build.0 = Debug|Any CPU
		{D7BDBFE5-A034-444A-846C-2B592AF0F091}.Debug|iPhoneSimulator.Deploy.0 = Debug|Any CPU
		{D7BDBFE5-A034-444A-846C-2B592AF0F091}.Release|Any CPU.ActiveCfg = Release|Any CPU
		{D7BDBFE5-A034-444A-846C-2B592AF0F091}.Release|Any CPU.Build.0 = Release|Any CPU
		{D7BDBFE5-A034-444A-846C-2B592AF0F091}.Release|Any CPU.Deploy.0 = Release|Any CPU
		{D7BDBFE5-A034-444A-846C-2B592AF0F091}.Release|iPhone.ActiveCfg = Release|Any CPU
		{D7BDBFE5-A034-444A-846C-2B592AF0F091}.Release|iPhone.Build.0 = Release|Any CPU
		{D7BDBFE5-A034-444A-846C-2B592AF0F091}.Release|iPhone.Deploy.0 = Release|Any CPU
		{D7BDBFE5-A034-444A-846C-2B592AF0F091}.Release|iPhoneSimulator.ActiveCfg = Release|Any CPU
		{D7BDBFE5-A034-444A-846C-2B592AF0F091}.Release|iPhoneSimulator.Build.0 = Release|Any CPU
		{D7BDBFE5-A034-444A-846C-2B592AF0F091}.Release|iPhoneSimulator.Deploy.0 = Release|Any CPU
	EndGlobalSection
	GlobalSection(SolutionProperties) = preSolution
		HideSolutionNode = FALSE
	EndGlobalSection
	GlobalSection(ExtensibilityGlobals) = postSolution
		SolutionGuid = {18E11A64-9AA3-48A7-89CF-A0E194167E17}
	EndGlobalSection
EndGlobal
